
Microsoft Visual Studio Solution File, Format Version 12.00
# Visual Studio Version 17
VisualStudioVersion = 17.0.31903.59
MinimumVisualStudioVersion = 10.0.40219.1
Project("{2150E333-8FDC-42A3-9474-1A3956D46DE8}") = "Shared", "Shared", "{4F52FD11-658E-A102-6CD3-7D7C16FFA15B}"
EndProject
Project("{FAE04EC0-301F-11D3-BF4B-00C04F79EFBC}") = "TrainControl.Contracts", "src\Shared\TrainControl.Contracts\TrainControl.Contracts.csproj", "{2E0A2369-44D3-46B3-AFDF-0948F5BEB53F}"
EndProject
Project("{FAE04EC0-301F-11D3-BF4B-00C04F79EFBC}") = "TrainControl.Common", "src\Shared\TrainControl.Common\TrainControl.Common.csproj", "{E361B114-23CA-4565-ADB7-98AE42E5ACEC}"
EndProject
Project("{2150E333-8FDC-42A3-9474-1A3956D46DE8}") = "TrainModel", "TrainModel", "{C96DEAE3-47EB-906E-0979-794D54D16338}"
EndProject
Project("{FAE04EC0-301F-11D3-BF4B-00C04F79EFBC}") = "TrainModel.Core", "src\TrainModel\TrainModel.Core\TrainModel.Core.csproj", "{2B5D44A2-FBA9-4551-AAD9-5F91B5BFBA6C}"
EndProject
Project("{FAE04EC0-301F-11D3-BF4B-00C04F79EFBC}") = "TrainModel.Wpf", "src\TrainModel\TrainModel.Wpf\TrainModel.Wpf.csproj", "{F8C4E237-F9E9-4D87-B933-F8B364A6F2CB}"
EndProject
Project("{2150E333-8FDC-42A3-9474-1A3956D46DE8}") = "TrackModel", "TrackModel", "{8C97A95B-6885-EAC9-79B7-122DA3A12A66}"
EndProject
Project("{FAE04EC0-301F-11D3-BF4B-00C04F79EFBC}") = "TrackModel.Core", "src\TrackModel\TrackModel.Core\TrackModel.Core.csproj", "{6672516D-D357-41AD-9E36-89A94FDBDCD1}"
EndProject
Project("{FAE04EC0-301F-11D3-BF4B-00C04F79EFBC}") = "TrackModel.Wpf", "src\TrackModel\TrackModel.Wpf\TrackModel.Wpf.csproj", "{5EE4D439-B30E-4B6E-8F9E-D4C2A3DC8E0A}"
EndProject
Project("{2150E333-8FDC-42A3-9474-1A3956D46DE8}") = "TrainController", "TrainController", "{37C0CAAA-D35F-6A1A-A289-418E3D457654}"
EndProject
Project("{FAE04EC0-301F-11D3-BF4B-00C04F79EFBC}") = "TrainController.Core", "src\TrainController\TrainController.Core\TrainController.Core.csproj", "{B6076EC3-7967-4476-AA30-0947263875C5}"
EndProject
Project("{FAE04EC0-301F-11D3-BF4B-00C04F79EFBC}") = "TrainController.Wpf", "src\TrainController\TrainController.Wpf\TrainController.Wpf.csproj", "{5250215B-00F5-451C-A3A8-91843614A42F}"
EndProject
Project("{2150E333-8FDC-42A3-9474-1A3956D46DE8}") = "TrackController", "TrackController", "{CE8BAEA8-DFEA-F433-DC14-E0731F9DB6FB}"
EndProject
Project("{FAE04EC0-301F-11D3-BF4B-00C04F79EFBC}") = "TrackController.Core", "src\TrackController\TrackController.Core\TrackController.Core.csproj", "{9A83D808-9487-4553-B5EC-35706E072185}"
EndProject
Project("{FAE04EC0-301F-11D3-BF4B-00C04F79EFBC}") = "TrackController.Wpf", "src\TrackController\TrackController.Wpf\TrackController.Wpf.csproj", "{B15B29F7-2120-46B6-B102-6A3136931AC6}"
EndProject
Project("{2150E333-8FDC-42A3-9474-1A3956D46DE8}") = "CTC", "CTC", "{54499F25-302C-C478-14F3-8776E78D6264}"
EndProject
Project("{FAE04EC0-301F-11D3-BF4B-00C04F79EFBC}") = "CTC.Core", "src\CTC\CTC.Core\CTC.Core.csproj", "{C0D841CF-1810-45D1-A78A-3437101FD74C}"
EndProject
Project("{FAE04EC0-301F-11D3-BF4B-00C04F79EFBC}") = "CTC.Wpf", "src\CTC\CTC.Wpf\CTC.Wpf.csproj", "{70EF801D-DDB2-48E4-B62C-41AA00C2664C}"
EndProject
Project("{2150E333-8FDC-42A3-9474-1A3956D46DE8}") = "Tests", "Tests", "{0AB3BF05-4346-4AA6-1389-037BE0695223}"
EndProject
Project("{FAE04EC0-301F-11D3-BF4B-00C04F79EFBC}") = "TrainControl.Tests", "tests\TrainControl.Tests\TrainControl.Tests.csproj", "{86844F27-1011-4814-818F-24FC49C932E7}"
EndProject
Project("{2150E333-8FDC-42A3-9474-1A3956D46DE8}") = "Launcher", "Launcher", "{740C5202-8AD2-6D86-0CA9-F95B1A2D697C}"
EndProject
Project("{FAE04EC0-301F-11D3-BF4B-00C04F79EFBC}") = "TrainControlSystem.Launcher.Wpf", "src\Launcher\TrainControlSystem.Launcher.Wpf\TrainControlSystem.Launcher.Wpf.csproj", "{B7F9FF3A-0264-4511-85C6-659B21EA21DD}"
EndProject
Project("{FAE04EC0-301F-11D3-BF4B-00C04F79EFBC}") = "CTC.TestUI.Wpf", "src\CTC\CTC.TestUI.Wpf\CTC.TestUI.Wpf.csproj", "{CCAF6B14-34C8-4FDD-AB71-7A97C98FDEE9}"
EndProject
Project("{FAE04EC0-301F-11D3-BF4B-00C04F79EFBC}") = "TrackModel.TestUI.Wpf", "src\TrackModel\TrackModel.TestUI.Wpf\TrackModel.TestUI.Wpf.csproj", "{B8E8D0A4-DDB2-4653-ABC0-C350CE27105F}"
EndProject
Global
	GlobalSection(SolutionConfigurationPlatforms) = preSolution
		Debug|Any CPU = Debug|Any CPU
		Debug|x64 = Debug|x64
		Debug|x86 = Debug|x86
		Release|Any CPU = Release|Any CPU
		Release|x64 = Release|x64
		Release|x86 = Release|x86
	EndGlobalSection
	GlobalSection(ProjectConfigurationPlatforms) = postSolution
		{2E0A2369-44D3-46B3-AFDF-0948F5BEB53F}.Debug|Any CPU.ActiveCfg = Debug|Any CPU
		{2E0A2369-44D3-46B3-AFDF-0948F5BEB53F}.Debug|Any CPU.Build.0 = Debug|Any CPU
		{2E0A2369-44D3-46B3-AFDF-0948F5BEB53F}.Debug|x64.ActiveCfg = Debug|Any CPU
		{2E0A2369-44D3-46B3-AFDF-0948F5BEB53F}.Debug|x64.Build.0 = Debug|Any CPU
		{2E0A2369-44D3-46B3-AFDF-0948F5BEB53F}.Debug|x86.ActiveCfg = Debug|Any CPU
		{2E0A2369-44D3-46B3-AFDF-0948F5BEB53F}.Debug|x86.Build.0 = Debug|Any CPU
		{2E0A2369-44D3-46B3-AFDF-0948F5BEB53F}.Release|Any CPU.ActiveCfg = Release|Any CPU
		{2E0A2369-44D3-46B3-AFDF-0948F5BEB53F}.Release|Any CPU.Build.0 = Release|Any CPU
		{2E0A2369-44D3-46B3-AFDF-0948F5BEB53F}.Release|x64.ActiveCfg = Release|Any CPU
		{2E0A2369-44D3-46B3-AFDF-0948F5BEB53F}.Release|x64.Build.0 = Release|Any CPU
		{2E0A2369-44D3-46B3-AFDF-0948F5BEB53F}.Release|x86.ActiveCfg = Release|Any CPU
		{2E0A2369-44D3-46B3-AFDF-0948F5BEB53F}.Release|x86.Build.0 = Release|Any CPU
		{E361B114-23CA-4565-ADB7-98AE42E5ACEC}.Debug|Any CPU.ActiveCfg = Debug|Any CPU
		{E361B114-23CA-4565-ADB7-98AE42E5ACEC}.Debug|Any CPU.Build.0 = Debug|Any CPU
		{E361B114-23CA-4565-ADB7-98AE42E5ACEC}.Debug|x64.ActiveCfg = Debug|Any CPU
		{E361B114-23CA-4565-ADB7-98AE42E5ACEC}.Debug|x64.Build.0 = Debug|Any CPU
		{E361B114-23CA-4565-ADB7-98AE42E5ACEC}.Debug|x86.ActiveCfg = Debug|Any CPU
		{E361B114-23CA-4565-ADB7-98AE42E5ACEC}.Debug|x86.Build.0 = Debug|Any CPU
		{E361B114-23CA-4565-ADB7-98AE42E5ACEC}.Release|Any CPU.ActiveCfg = Release|Any CPU
		{E361B114-23CA-4565-ADB7-98AE42E5ACEC}.Release|Any CPU.Build.0 = Release|Any CPU
		{E361B114-23CA-4565-ADB7-98AE42E5ACEC}.Release|x64.ActiveCfg = Release|Any CPU
		{E361B114-23CA-4565-ADB7-98AE42E5ACEC}.Release|x64.Build.0 = Release|Any CPU
		{E361B114-23CA-4565-ADB7-98AE42E5ACEC}.Release|x86.ActiveCfg = Release|Any CPU
		{E361B114-23CA-4565-ADB7-98AE42E5ACEC}.Release|x86.Build.0 = Release|Any CPU
		{2B5D44A2-FBA9-4551-AAD9-5F91B5BFBA6C}.Debug|Any CPU.ActiveCfg = Debug|Any CPU
		{2B5D44A2-FBA9-4551-AAD9-5F91B5BFBA6C}.Debug|Any CPU.Build.0 = Debug|Any CPU
		{2B5D44A2-FBA9-4551-AAD9-5F91B5BFBA6C}.Debug|x64.ActiveCfg = Debug|Any CPU
		{2B5D44A2-FBA9-4551-AAD9-5F91B5BFBA6C}.Debug|x64.Build.0 = Debug|Any CPU
		{2B5D44A2-FBA9-4551-AAD9-5F91B5BFBA6C}.Debug|x86.ActiveCfg = Debug|Any CPU
		{2B5D44A2-FBA9-4551-AAD9-5F91B5BFBA6C}.Debug|x86.Build.0 = Debug|Any CPU
		{2B5D44A2-FBA9-4551-AAD9-5F91B5BFBA6C}.Release|Any CPU.ActiveCfg = Release|Any CPU
		{2B5D44A2-FBA9-4551-AAD9-5F91B5BFBA6C}.Release|Any CPU.Build.0 = Release|Any CPU
		{2B5D44A2-FBA9-4551-AAD9-5F91B5BFBA6C}.Release|x64.ActiveCfg = Release|Any CPU
		{2B5D44A2-FBA9-4551-AAD9-5F91B5BFBA6C}.Release|x64.Build.0 = Release|Any CPU
		{2B5D44A2-FBA9-4551-AAD9-5F91B5BFBA6C}.Release|x86.ActiveCfg = Release|Any CPU
		{2B5D44A2-FBA9-4551-AAD9-5F91B5BFBA6C}.Release|x86.Build.0 = Release|Any CPU
		{F8C4E237-F9E9-4D87-B933-F8B364A6F2CB}.Debug|Any CPU.ActiveCfg = Debug|Any CPU
		{F8C4E237-F9E9-4D87-B933-F8B364A6F2CB}.Debug|Any CPU.Build.0 = Debug|Any CPU
		{F8C4E237-F9E9-4D87-B933-F8B364A6F2CB}.Debug|x64.ActiveCfg = Debug|Any CPU
		{F8C4E237-F9E9-4D87-B933-F8B364A6F2CB}.Debug|x64.Build.0 = Debug|Any CPU
		{F8C4E237-F9E9-4D87-B933-F8B364A6F2CB}.Debug|x86.ActiveCfg = Debug|Any CPU
		{F8C4E237-F9E9-4D87-B933-F8B364A6F2CB}.Debug|x86.Build.0 = Debug|Any CPU
		{F8C4E237-F9E9-4D87-B933-F8B364A6F2CB}.Release|Any CPU.ActiveCfg = Release|Any CPU
		{F8C4E237-F9E9-4D87-B933-F8B364A6F2CB}.Release|Any CPU.Build.0 = Release|Any CPU
		{F8C4E237-F9E9-4D87-B933-F8B364A6F2CB}.Release|x64.ActiveCfg = Release|Any CPU
		{F8C4E237-F9E9-4D87-B933-F8B364A6F2CB}.Release|x64.Build.0 = Release|Any CPU
		{F8C4E237-F9E9-4D87-B933-F8B364A6F2CB}.Release|x86.ActiveCfg = Release|Any CPU
		{F8C4E237-F9E9-4D87-B933-F8B364A6F2CB}.Release|x86.Build.0 = Release|Any CPU
		{6672516D-D357-41AD-9E36-89A94FDBDCD1}.Debug|Any CPU.ActiveCfg = Debug|Any CPU
		{6672516D-D357-41AD-9E36-89A94FDBDCD1}.Debug|Any CPU.Build.0 = Debug|Any CPU
		{6672516D-D357-41AD-9E36-89A94FDBDCD1}.Debug|x64.ActiveCfg = Debug|Any CPU
		{6672516D-D357-41AD-9E36-89A94FDBDCD1}.Debug|x64.Build.0 = Debug|Any CPU
		{6672516D-D357-41AD-9E36-89A94FDBDCD1}.Debug|x86.ActiveCfg = Debug|Any CPU
		{6672516D-D357-41AD-9E36-89A94FDBDCD1}.Debug|x86.Build.0 = Debug|Any CPU
		{6672516D-D357-41AD-9E36-89A94FDBDCD1}.Release|Any CPU.ActiveCfg = Release|Any CPU
		{6672516D-D357-41AD-9E36-89A94FDBDCD1}.Release|Any CPU.Build.0 = Release|Any CPU
		{6672516D-D357-41AD-9E36-89A94FDBDCD1}.Release|x64.ActiveCfg = Release|Any CPU
		{6672516D-D357-41AD-9E36-89A94FDBDCD1}.Release|x64.Build.0 = Release|Any CPU
		{6672516D-D357-41AD-9E36-89A94FDBDCD1}.Release|x86.ActiveCfg = Release|Any CPU
		{6672516D-D357-41AD-9E36-89A94FDBDCD1}.Release|x86.Build.0 = Release|Any CPU
		{5EE4D439-B30E-4B6E-8F9E-D4C2A3DC8E0A}.Debug|Any CPU.ActiveCfg = Debug|Any CPU
		{5EE4D439-B30E-4B6E-8F9E-D4C2A3DC8E0A}.Debug|Any CPU.Build.0 = Debug|Any CPU
		{5EE4D439-B30E-4B6E-8F9E-D4C2A3DC8E0A}.Debug|x64.ActiveCfg = Debug|Any CPU
		{5EE4D439-B30E-4B6E-8F9E-D4C2A3DC8E0A}.Debug|x64.Build.0 = Debug|Any CPU
		{5EE4D439-B30E-4B6E-8F9E-D4C2A3DC8E0A}.Debug|x86.ActiveCfg = Debug|Any CPU
		{5EE4D439-B30E-4B6E-8F9E-D4C2A3DC8E0A}.Debug|x86.Build.0 = Debug|Any CPU
		{5EE4D439-B30E-4B6E-8F9E-D4C2A3DC8E0A}.Release|Any CPU.ActiveCfg = Release|Any CPU
		{5EE4D439-B30E-4B6E-8F9E-D4C2A3DC8E0A}.Release|Any CPU.Build.0 = Release|Any CPU
		{5EE4D439-B30E-4B6E-8F9E-D4C2A3DC8E0A}.Release|x64.ActiveCfg = Release|Any CPU
		{5EE4D439-B30E-4B6E-8F9E-D4C2A3DC8E0A}.Release|x64.Build.0 = Release|Any CPU
		{5EE4D439-B30E-4B6E-8F9E-D4C2A3DC8E0A}.Release|x86.ActiveCfg = Release|Any CPU
		{5EE4D439-B30E-4B6E-8F9E-D4C2A3DC8E0A}.Release|x86.Build.0 = Release|Any CPU
		{B6076EC3-7967-4476-AA30-0947263875C5}.Debug|Any CPU.ActiveCfg = Debug|Any CPU
		{B6076EC3-7967-4476-AA30-0947263875C5}.Debug|Any CPU.Build.0 = Debug|Any CPU
		{B6076EC3-7967-4476-AA30-0947263875C5}.Debug|x64.ActiveCfg = Debug|Any CPU
		{B6076EC3-7967-4476-AA30-0947263875C5}.Debug|x64.Build.0 = Debug|Any CPU
		{B6076EC3-7967-4476-AA30-0947263875C5}.Debug|x86.ActiveCfg = Debug|Any CPU
		{B6076EC3-7967-4476-AA30-0947263875C5}.Debug|x86.Build.0 = Debug|Any CPU
		{B6076EC3-7967-4476-AA30-0947263875C5}.Release|Any CPU.ActiveCfg = Release|Any CPU
		{B6076EC3-7967-4476-AA30-0947263875C5}.Release|Any CPU.Build.0 = Release|Any CPU
		{B6076EC3-7967-4476-AA30-0947263875C5}.Release|x64.ActiveCfg = Release|Any CPU
		{B6076EC3-7967-4476-AA30-0947263875C5}.Release|x64.Build.0 = Release|Any CPU
		{B6076EC3-7967-4476-AA30-0947263875C5}.Release|x86.ActiveCfg = Release|Any CPU
		{B6076EC3-7967-4476-AA30-0947263875C5}.Release|x86.Build.0 = Release|Any CPU
		{5250215B-00F5-451C-A3A8-91843614A42F}.Debug|Any CPU.ActiveCfg = Debug|Any CPU
		{5250215B-00F5-451C-A3A8-91843614A42F}.Debug|Any CPU.Build.0 = Debug|Any CPU
		{5250215B-00F5-451C-A3A8-91843614A42F}.Debug|x64.ActiveCfg = Debug|Any CPU
		{5250215B-00F5-451C-A3A8-91843614A42F}.Debug|x64.Build.0 = Debug|Any CPU
		{5250215B-00F5-451C-A3A8-91843614A42F}.Debug|x86.ActiveCfg = Debug|Any CPU
		{5250215B-00F5-451C-A3A8-91843614A42F}.Debug|x86.Build.0 = Debug|Any CPU
		{5250215B-00F5-451C-A3A8-91843614A42F}.Release|Any CPU.ActiveCfg = Release|Any CPU
		{5250215B-00F5-451C-A3A8-91843614A42F}.Release|Any CPU.Build.0 = Release|Any CPU
		{5250215B-00F5-451C-A3A8-91843614A42F}.Release|x64.ActiveCfg = Release|Any CPU
		{5250215B-00F5-451C-A3A8-91843614A42F}.Release|x64.Build.0 = Release|Any CPU
		{5250215B-00F5-451C-A3A8-91843614A42F}.Release|x86.ActiveCfg = Release|Any CPU
		{5250215B-00F5-451C-A3A8-91843614A42F}.Release|x86.Build.0 = Release|Any CPU
		{9A83D808-9487-4553-B5EC-35706E072185}.Debug|Any CPU.ActiveCfg = Debug|Any CPU
		{9A83D808-9487-4553-B5EC-35706E072185}.Debug|Any CPU.Build.0 = Debug|Any CPU
		{9A83D808-9487-4553-B5EC-35706E072185}.Debug|x64.ActiveCfg = Debug|Any CPU
		{9A83D808-9487-4553-B5EC-35706E072185}.Debug|x64.Build.0 = Debug|Any CPU
		{9A83D808-9487-4553-B5EC-35706E072185}.Debug|x86.ActiveCfg = Debug|Any CPU
		{9A83D808-9487-4553-B5EC-35706E072185}.Debug|x86.Build.0 = Debug|Any CPU
		{9A83D808-9487-4553-B5EC-35706E072185}.Release|Any CPU.ActiveCfg = Release|Any CPU
		{9A83D808-9487-4553-B5EC-35706E072185}.Release|Any CPU.Build.0 = Release|Any CPU
		{9A83D808-9487-4553-B5EC-35706E072185}.Release|x64.ActiveCfg = Release|Any CPU
		{9A83D808-9487-4553-B5EC-35706E072185}.Release|x64.Build.0 = Release|Any CPU
		{9A83D808-9487-4553-B5EC-35706E072185}.Release|x86.ActiveCfg = Release|Any CPU
		{9A83D808-9487-4553-B5EC-35706E072185}.Release|x86.Build.0 = Release|Any CPU
		{B15B29F7-2120-46B6-B102-6A3136931AC6}.Debug|Any CPU.ActiveCfg = Debug|Any CPU
		{B15B29F7-2120-46B6-B102-6A3136931AC6}.Debug|Any CPU.Build.0 = Debug|Any CPU
		{B15B29F7-2120-46B6-B102-6A3136931AC6}.Debug|x64.ActiveCfg = Debug|Any CPU
		{B15B29F7-2120-46B6-B102-6A3136931AC6}.Debug|x64.Build.0 = Debug|Any CPU
		{B15B29F7-2120-46B6-B102-6A3136931AC6}.Debug|x86.ActiveCfg = Debug|Any CPU
		{B15B29F7-2120-46B6-B102-6A3136931AC6}.Debug|x86.Build.0 = Debug|Any CPU
		{B15B29F7-2120-46B6-B102-6A3136931AC6}.Release|Any CPU.ActiveCfg = Release|Any CPU
		{B15B29F7-2120-46B6-B102-6A3136931AC6}.Release|Any CPU.Build.0 = Release|Any CPU
		{B15B29F7-2120-46B6-B102-6A3136931AC6}.Release|x64.ActiveCfg = Release|Any CPU
		{B15B29F7-2120-46B6-B102-6A3136931AC6}.Release|x64.Build.0 = Release|Any CPU
		{B15B29F7-2120-46B6-B102-6A3136931AC6}.Release|x86.ActiveCfg = Release|Any CPU
		{B15B29F7-2120-46B6-B102-6A3136931AC6}.Release|x86.Build.0 = Release|Any CPU
		{C0D841CF-1810-45D1-A78A-3437101FD74C}.Debug|Any CPU.ActiveCfg = Debug|Any CPU
		{C0D841CF-1810-45D1-A78A-3437101FD74C}.Debug|Any CPU.Build.0 = Debug|Any CPU
		{C0D841CF-1810-45D1-A78A-3437101FD74C}.Debug|x64.ActiveCfg = Debug|Any CPU
		{C0D841CF-1810-45D1-A78A-3437101FD74C}.Debug|x64.Build.0 = Debug|Any CPU
		{C0D841CF-1810-45D1-A78A-3437101FD74C}.Debug|x86.ActiveCfg = Debug|Any CPU
		{C0D841CF-1810-45D1-A78A-3437101FD74C}.Debug|x86.Build.0 = Debug|Any CPU
		{C0D841CF-1810-45D1-A78A-3437101FD74C}.Release|Any CPU.ActiveCfg = Release|Any CPU
		{C0D841CF-1810-45D1-A78A-3437101FD74C}.Release|Any CPU.Build.0 = Release|Any CPU
		{C0D841CF-1810-45D1-A78A-3437101FD74C}.Release|x64.ActiveCfg = Release|Any CPU
		{C0D841CF-1810-45D1-A78A-3437101FD74C}.Release|x64.Build.0 = Release|Any CPU
		{C0D841CF-1810-45D1-A78A-3437101FD74C}.Release|x86.ActiveCfg = Release|Any CPU
		{C0D841CF-1810-45D1-A78A-3437101FD74C}.Release|x86.Build.0 = Release|Any CPU
		{70EF801D-DDB2-48E4-B62C-41AA00C2664C}.Debug|Any CPU.ActiveCfg = Debug|Any CPU
		{70EF801D-DDB2-48E4-B62C-41AA00C2664C}.Debug|Any CPU.Build.0 = Debug|Any CPU
		{70EF801D-DDB2-48E4-B62C-41AA00C2664C}.Debug|x64.ActiveCfg = Debug|Any CPU
		{70EF801D-DDB2-48E4-B62C-41AA00C2664C}.Debug|x64.Build.0 = Debug|Any CPU
		{70EF801D-DDB2-48E4-B62C-41AA00C2664C}.Debug|x86.ActiveCfg = Debug|Any CPU
		{70EF801D-DDB2-48E4-B62C-41AA00C2664C}.Debug|x86.Build.0 = Debug|Any CPU
		{70EF801D-DDB2-48E4-B62C-41AA00C2664C}.Release|Any CPU.ActiveCfg = Release|Any CPU
		{70EF801D-DDB2-48E4-B62C-41AA00C2664C}.Release|Any CPU.Build.0 = Release|Any CPU
		{70EF801D-DDB2-48E4-B62C-41AA00C2664C}.Release|x64.ActiveCfg = Release|Any CPU
		{70EF801D-DDB2-48E4-B62C-41AA00C2664C}.Release|x64.Build.0 = Release|Any CPU
		{70EF801D-DDB2-48E4-B62C-41AA00C2664C}.Release|x86.ActiveCfg = Release|Any CPU
		{70EF801D-DDB2-48E4-B62C-41AA00C2664C}.Release|x86.Build.0 = Release|Any CPU
		{86844F27-1011-4814-818F-24FC49C932E7}.Debug|Any CPU.ActiveCfg = Debug|Any CPU
		{86844F27-1011-4814-818F-24FC49C932E7}.Debug|Any CPU.Build.0 = Debug|Any CPU
		{86844F27-1011-4814-818F-24FC49C932E7}.Debug|x64.ActiveCfg = Debug|Any CPU
		{86844F27-1011-4814-818F-24FC49C932E7}.Debug|x64.Build.0 = Debug|Any CPU
		{86844F27-1011-4814-818F-24FC49C932E7}.Debug|x86.ActiveCfg = Debug|Any CPU
		{86844F27-1011-4814-818F-24FC49C932E7}.Debug|x86.Build.0 = Debug|Any CPU
		{86844F27-1011-4814-818F-24FC49C932E7}.Release|Any CPU.ActiveCfg = Release|Any CPU
		{86844F27-1011-4814-818F-24FC49C932E7}.Release|Any CPU.Build.0 = Release|Any CPU
		{86844F27-1011-4814-818F-24FC49C932E7}.Release|x64.ActiveCfg = Release|Any CPU
		{86844F27-1011-4814-818F-24FC49C932E7}.Release|x64.Build.0 = Release|Any CPU
		{86844F27-1011-4814-818F-24FC49C932E7}.Release|x86.ActiveCfg = Release|Any CPU
		{86844F27-1011-4814-818F-24FC49C932E7}.Release|x86.Build.0 = Release|Any CPU
		{B7F9FF3A-0264-4511-85C6-659B21EA21DD}.Debug|Any CPU.ActiveCfg = Debug|Any CPU
		{B7F9FF3A-0264-4511-85C6-659B21EA21DD}.Debug|Any CPU.Build.0 = Debug|Any CPU
		{B7F9FF3A-0264-4511-85C6-659B21EA21DD}.Debug|x64.ActiveCfg = Debug|Any CPU
		{B7F9FF3A-0264-4511-85C6-659B21EA21DD}.Debug|x64.Build.0 = Debug|Any CPU
		{B7F9FF3A-0264-4511-85C6-659B21EA21DD}.Debug|x86.ActiveCfg = Debug|Any CPU
		{B7F9FF3A-0264-4511-85C6-659B21EA21DD}.Debug|x86.Build.0 = Debug|Any CPU
		{B7F9FF3A-0264-4511-85C6-659B21EA21DD}.Release|Any CPU.ActiveCfg = Release|Any CPU
		{B7F9FF3A-0264-4511-85C6-659B21EA21DD}.Release|Any CPU.Build.0 = Release|Any CPU
		{B7F9FF3A-0264-4511-85C6-659B21EA21DD}.Release|x64.ActiveCfg = Release|Any CPU
		{B7F9FF3A-0264-4511-85C6-659B21EA21DD}.Release|x64.Build.0 = Release|Any CPU
		{B7F9FF3A-0264-4511-85C6-659B21EA21DD}.Release|x86.ActiveCfg = Release|Any CPU
		{B7F9FF3A-0264-4511-85C6-659B21EA21DD}.Release|x86.Build.0 = Release|Any CPU
		{CCAF6B14-34C8-4FDD-AB71-7A97C98FDEE9}.Debug|Any CPU.ActiveCfg = Debug|Any CPU
		{CCAF6B14-34C8-4FDD-AB71-7A97C98FDEE9}.Debug|Any CPU.Build.0 = Debug|Any CPU
		{CCAF6B14-34C8-4FDD-AB71-7A97C98FDEE9}.Debug|x64.ActiveCfg = Debug|Any CPU
		{CCAF6B14-34C8-4FDD-AB71-7A97C98FDEE9}.Debug|x64.Build.0 = Debug|Any CPU
		{CCAF6B14-34C8-4FDD-AB71-7A97C98FDEE9}.Debug|x86.ActiveCfg = Debug|Any CPU
		{CCAF6B14-34C8-4FDD-AB71-7A97C98FDEE9}.Debug|x86.Build.0 = Debug|Any CPU
		{CCAF6B14-34C8-4FDD-AB71-7A97C98FDEE9}.Release|Any CPU.ActiveCfg = Release|Any CPU
		{CCAF6B14-34C8-4FDD-AB71-7A97C98FDEE9}.Release|Any CPU.Build.0 = Release|Any CPU
		{CCAF6B14-34C8-4FDD-AB71-7A97C98FDEE9}.Release|x64.ActiveCfg = Release|Any CPU
		{CCAF6B14-34C8-4FDD-AB71-7A97C98FDEE9}.Release|x64.Build.0 = Release|Any CPU
		{CCAF6B14-34C8-4FDD-AB71-7A97C98FDEE9}.Release|x86.ActiveCfg = Release|Any CPU
		{CCAF6B14-34C8-4FDD-AB71-7A97C98FDEE9}.Release|x86.Build.0 = Release|Any CPU
		{B8E8D0A4-DDB2-4653-ABC0-C350CE27105F}.Debug|Any CPU.ActiveCfg = Debug|Any CPU
		{B8E8D0A4-DDB2-4653-ABC0-C350CE27105F}.Debug|Any CPU.Build.0 = Debug|Any CPU
		{B8E8D0A4-DDB2-4653-ABC0-C350CE27105F}.Debug|x64.ActiveCfg = Debug|Any CPU
		{B8E8D0A4-DDB2-4653-ABC0-C350CE27105F}.Debug|x64.Build.0 = Debug|Any CPU
		{B8E8D0A4-DDB2-4653-ABC0-C350CE27105F}.Debug|x86.ActiveCfg = Debug|Any CPU
		{B8E8D0A4-DDB2-4653-ABC0-C350CE27105F}.Debug|x86.Build.0 = Debug|Any CPU
		{B8E8D0A4-DDB2-4653-ABC0-C350CE27105F}.Release|Any CPU.ActiveCfg = Release|Any CPU
		{B8E8D0A4-DDB2-4653-ABC0-C350CE27105F}.Release|Any CPU.Build.0 = Release|Any CPU
		{B8E8D0A4-DDB2-4653-ABC0-C350CE27105F}.Release|x64.ActiveCfg = Release|Any CPU
		{B8E8D0A4-DDB2-4653-ABC0-C350CE27105F}.Release|x64.Build.0 = Release|Any CPU
		{B8E8D0A4-DDB2-4653-ABC0-C350CE27105F}.Release|x86.ActiveCfg = Release|Any CPU
		{B8E8D0A4-DDB2-4653-ABC0-C350CE27105F}.Release|x86.Build.0 = Release|Any CPU
	EndGlobalSection
	GlobalSection(SolutionProperties) = preSolution
		HideSolutionNode = FALSE
	EndGlobalSection
	GlobalSection(NestedProjects) = preSolution
		{2E0A2369-44D3-46B3-AFDF-0948F5BEB53F} = {4F52FD11-658E-A102-6CD3-7D7C16FFA15B}
		{E361B114-23CA-4565-ADB7-98AE42E5ACEC} = {4F52FD11-658E-A102-6CD3-7D7C16FFA15B}
		{2B5D44A2-FBA9-4551-AAD9-5F91B5BFBA6C} = {C96DEAE3-47EB-906E-0979-794D54D16338}
		{F8C4E237-F9E9-4D87-B933-F8B364A6F2CB} = {C96DEAE3-47EB-906E-0979-794D54D16338}
		{6672516D-D357-41AD-9E36-89A94FDBDCD1} = {8C97A95B-6885-EAC9-79B7-122DA3A12A66}
		{5EE4D439-B30E-4B6E-8F9E-D4C2A3DC8E0A} = {8C97A95B-6885-EAC9-79B7-122DA3A12A66}
		{B6076EC3-7967-4476-AA30-0947263875C5} = {37C0CAAA-D35F-6A1A-A289-418E3D457654}
		{5250215B-00F5-451C-A3A8-91843614A42F} = {37C0CAAA-D35F-6A1A-A289-418E3D457654}
		{9A83D808-9487-4553-B5EC-35706E072185} = {CE8BAEA8-DFEA-F433-DC14-E0731F9DB6FB}
		{B15B29F7-2120-46B6-B102-6A3136931AC6} = {CE8BAEA8-DFEA-F433-DC14-E0731F9DB6FB}
		{C0D841CF-1810-45D1-A78A-3437101FD74C} = {54499F25-302C-C478-14F3-8776E78D6264}
		{70EF801D-DDB2-48E4-B62C-41AA00C2664C} = {54499F25-302C-C478-14F3-8776E78D6264}
		{86844F27-1011-4814-818F-24FC49C932E7} = {0AB3BF05-4346-4AA6-1389-037BE0695223}
		{B7F9FF3A-0264-4511-85C6-659B21EA21DD} = {740C5202-8AD2-6D86-0CA9-F95B1A2D697C}
		{CCAF6B14-34C8-4FDD-AB71-7A97C98FDEE9} = {54499F25-302C-C478-14F3-8776E78D6264}
		{B8E8D0A4-DDB2-4653-ABC0-C350CE27105F} = {8C97A95B-6885-EAC9-79B7-122DA3A12A66}
	EndGlobalSection
EndGlobal
